// !$*UTF8*$!
{
	archiveVersion = 1;
	classes = {
	};
	objectVersion = 48;
	objects = {

/* Begin PBXBuildFile section */
		370B1547207B503400914F26 /* RGBAImage.swift in Sources */ = {isa = PBXBuildFile; fileRef = 370B1546207B503300914F26 /* RGBAImage.swift */; };
		372203F8209328FF0097F459 /* DisparityComputeFilterRL.swift in Sources */ = {isa = PBXBuildFile; fileRef = 372203F7209328FF0097F459 /* DisparityComputeFilterRL.swift */; };
		372203FB209333840097F459 /* OcclusionFilter.swift in Sources */ = {isa = PBXBuildFile; fileRef = 372203FA209333840097F459 /* OcclusionFilter.swift */; };
		376762C8208A38590026E1FA /* FilterVendor.swift in Sources */ = {isa = PBXBuildFile; fileRef = 376762C7208A38590026E1FA /* FilterVendor.swift */; };
		376762CA208A38B50026E1FA /* FilteringVC.swift in Sources */ = {isa = PBXBuildFile; fileRef = 376762C9208A38B50026E1FA /* FilteringVC.swift */; };
		377D5218208A4EE300AB7ACD /* right.png in Resources */ = {isa = PBXBuildFile; fileRef = 377D5216208A4EE300AB7ACD /* right.png */; };
		377D5219208A4EE300AB7ACD /* left.png in Resources */ = {isa = PBXBuildFile; fileRef = 377D5217208A4EE300AB7ACD /* left.png */; };
		377D521B208A54BD00AB7ACD /* DisparityViewerVC.swift in Sources */ = {isa = PBXBuildFile; fileRef = 377D521A208A54BD00AB7ACD /* DisparityViewerVC.swift */; };
		379344AB20908127006E3127 /* MainVC.swift in Sources */ = {isa = PBXBuildFile; fileRef = 379344AA20908127006E3127 /* MainVC.swift */; };
		379344AD20908279006E3127 /* MainCell.swift in Sources */ = {isa = PBXBuildFile; fileRef = 379344AC20908279006E3127 /* MainCell.swift */; };
		379344AF209083D7006E3127 /* PreviewVC.swift in Sources */ = {isa = PBXBuildFile; fileRef = 379344AE209083D7006E3127 /* PreviewVC.swift */; };
		37D30151207A2AE30010C6D3 /* UIImageExtension.swift in Sources */ = {isa = PBXBuildFile; fileRef = 37D30150207A2AE30010C6D3 /* UIImageExtension.swift */; };
		37D53A8F20469E7E009C5DF1 /* AppDelegate.swift in Sources */ = {isa = PBXBuildFile; fileRef = 37D53A8E20469E7E009C5DF1 /* AppDelegate.swift */; };
		37D53A9120469E7E009C5DF1 /* ViewController.swift in Sources */ = {isa = PBXBuildFile; fileRef = 37D53A9020469E7E009C5DF1 /* ViewController.swift */; };
		37D53A9420469E7E009C5DF1 /* Main.storyboard in Resources */ = {isa = PBXBuildFile; fileRef = 37D53A9220469E7E009C5DF1 /* Main.storyboard */; };
		37D53A9620469E7E009C5DF1 /* Assets.xcassets in Resources */ = {isa = PBXBuildFile; fileRef = 37D53A9520469E7E009C5DF1 /* Assets.xcassets */; };
		37D53A9920469E7E009C5DF1 /* LaunchScreen.storyboard in Resources */ = {isa = PBXBuildFile; fileRef = 37D53A9720469E7E009C5DF1 /* LaunchScreen.storyboard */; };
		37E84D33207A3FC7005C5E04 /* SADAlgorithmClass.swift in Sources */ = {isa = PBXBuildFile; fileRef = 37E84D32207A3FC7005C5E04 /* SADAlgorithmClass.swift */; };
		37F9DC632089111D001B09E7 /* DisparityComputeFilterLR.swift in Sources */ = {isa = PBXBuildFile; fileRef = 37F9DC622089111D001B09E7 /* DisparityComputeFilterLR.swift */; };
		37F9DC65208A15A2001B09E7 /* DisparityFilter.metal in Sources */ = {isa = PBXBuildFile; fileRef = 37F9DC64208A15A2001B09E7 /* DisparityFilter.metal */; };
/* End PBXBuildFile section */

/* Begin PBXFileReference section */
		370B1546207B503300914F26 /* RGBAImage.swift */ = {isa = PBXFileReference; lastKnownFileType = sourcecode.swift; path = RGBAImage.swift; sourceTree = "<group>"; };
		372203F7209328FF0097F459 /* DisparityComputeFilterRL.swift */ = {isa = PBXFileReference; lastKnownFileType = sourcecode.swift; path = DisparityComputeFilterRL.swift; sourceTree = "<group>"; };
		372203FA209333840097F459 /* OcclusionFilter.swift */ = {isa = PBXFileReference; lastKnownFileType = sourcecode.swift; path = OcclusionFilter.swift; sourceTree = "<group>"; };
		376762C7208A38590026E1FA /* FilterVendor.swift */ = {isa = PBXFileReference; lastKnownFileType = sourcecode.swift; path = FilterVendor.swift; sourceTree = "<group>"; };
		376762C9208A38B50026E1FA /* FilteringVC.swift */ = {isa = PBXFileReference; lastKnownFileType = sourcecode.swift; path = FilteringVC.swift; sourceTree = "<group>"; };
		377D5216208A4EE300AB7ACD /* right.png */ = {isa = PBXFileReference; lastKnownFileType = image.png; path = right.png; sourceTree = "<group>"; };
		377D5217208A4EE300AB7ACD /* left.png */ = {isa = PBXFileReference; lastKnownFileType = image.png; path = left.png; sourceTree = "<group>"; };
		377D521A208A54BD00AB7ACD /* DisparityViewerVC.swift */ = {isa = PBXFileReference; lastKnownFileType = sourcecode.swift; path = DisparityViewerVC.swift; sourceTree = "<group>"; };
		379344AA20908127006E3127 /* MainVC.swift */ = {isa = PBXFileReference; lastKnownFileType = sourcecode.swift; path = MainVC.swift; sourceTree = "<group>"; };
		379344AC20908279006E3127 /* MainCell.swift */ = {isa = PBXFileReference; lastKnownFileType = sourcecode.swift; path = MainCell.swift; sourceTree = "<group>"; };
		379344AE209083D7006E3127 /* PreviewVC.swift */ = {isa = PBXFileReference; lastKnownFileType = sourcecode.swift; path = PreviewVC.swift; sourceTree = "<group>"; };
		37D30150207A2AE30010C6D3 /* UIImageExtension.swift */ = {isa = PBXFileReference; lastKnownFileType = sourcecode.swift; path = UIImageExtension.swift; sourceTree = "<group>"; };
		37D53A8B20469E7E009C5DF1 /* Camera.app */ = {isa = PBXFileReference; explicitFileType = wrapper.application; includeInIndex = 0; path = Camera.app; sourceTree = BUILT_PRODUCTS_DIR; };
		37D53A8E20469E7E009C5DF1 /* AppDelegate.swift */ = {isa = PBXFileReference; lastKnownFileType = sourcecode.swift; path = AppDelegate.swift; sourceTree = "<group>"; };
		37D53A9020469E7E009C5DF1 /* ViewController.swift */ = {isa = PBXFileReference; lastKnownFileType = sourcecode.swift; path = ViewController.swift; sourceTree = "<group>"; };
		37D53A9320469E7E009C5DF1 /* Base */ = {isa = PBXFileReference; lastKnownFileType = file.storyboard; name = Base; path = Base.lproj/Main.storyboard; sourceTree = "<group>"; };
		37D53A9520469E7E009C5DF1 /* Assets.xcassets */ = {isa = PBXFileReference; lastKnownFileType = folder.assetcatalog; path = Assets.xcassets; sourceTree = "<group>"; };
		37D53A9820469E7E009C5DF1 /* Base */ = {isa = PBXFileReference; lastKnownFileType = file.storyboard; name = Base; path = Base.lproj/LaunchScreen.storyboard; sourceTree = "<group>"; };
		37D53A9A20469E7E009C5DF1 /* Info.plist */ = {isa = PBXFileReference; lastKnownFileType = text.plist.xml; path = Info.plist; sourceTree = "<group>"; };
		37E84D32207A3FC7005C5E04 /* SADAlgorithmClass.swift */ = {isa = PBXFileReference; lastKnownFileType = sourcecode.swift; path = SADAlgorithmClass.swift; sourceTree = "<group>"; };
		37F9DC622089111D001B09E7 /* DisparityComputeFilterLR.swift */ = {isa = PBXFileReference; lastKnownFileType = sourcecode.swift; path = DisparityComputeFilterLR.swift; sourceTree = "<group>"; };
		37F9DC64208A15A2001B09E7 /* DisparityFilter.metal */ = {isa = PBXFileReference; lastKnownFileType = sourcecode.metal; path = DisparityFilter.metal; sourceTree = "<group>"; };
/* End PBXFileReference section */

/* Begin PBXFrameworksBuildPhase section */
		37D53A8820469E7E009C5DF1 /* Frameworks */ = {
			isa = PBXFrameworksBuildPhase;
			buildActionMask = 2147483647;
			files = (
			);
			runOnlyForDeploymentPostprocessing = 0;
		};
/* End PBXFrameworksBuildPhase section */

/* Begin PBXGroup section */
		372203F9209333570097F459 /* Filters */ = {
			isa = PBXGroup;
			children = (
				376762C7208A38590026E1FA /* FilterVendor.swift */,
				37F9DC622089111D001B09E7 /* DisparityComputeFilterLR.swift */,
				372203F7209328FF0097F459 /* DisparityComputeFilterRL.swift */,
				372203FA209333840097F459 /* OcclusionFilter.swift */,
			);
			path = Filters;
			sourceTree = "<group>";
		};
		37D53A8220469E7E009C5DF1 = {
			isa = PBXGroup;
			children = (
				37D53A8D20469E7E009C5DF1 /* Camera */,
				37D53A8C20469E7E009C5DF1 /* Products */,
			);
			sourceTree = "<group>";
		};
		37D53A8C20469E7E009C5DF1 /* Products */ = {
			isa = PBXGroup;
			children = (
				37D53A8B20469E7E009C5DF1 /* Camera.app */,
			);
			name = Products;
			sourceTree = "<group>";
		};
		37D53A8D20469E7E009C5DF1 /* Camera */ = {
			isa = PBXGroup;
			children = (
				37D53A8E20469E7E009C5DF1 /* AppDelegate.swift */,
				37D53A9020469E7E009C5DF1 /* ViewController.swift */,
				37D53A9220469E7E009C5DF1 /* Main.storyboard */,
				37D53A9520469E7E009C5DF1 /* Assets.xcassets */,
				37D53A9720469E7E009C5DF1 /* LaunchScreen.storyboard */,
				37D53A9A20469E7E009C5DF1 /* Info.plist */,
				37D30150207A2AE30010C6D3 /* UIImageExtension.swift */,
				37E84D32207A3FC7005C5E04 /* SADAlgorithmClass.swift */,
				370B1546207B503300914F26 /* RGBAImage.swift */,
				372203F9209333570097F459 /* Filters */,
				376762C9208A38B50026E1FA /* FilteringVC.swift */,
				37F9DC64208A15A2001B09E7 /* DisparityFilter.metal */,
				377D5217208A4EE300AB7ACD /* left.png */,
				377D5216208A4EE300AB7ACD /* right.png */,
				377D521A208A54BD00AB7ACD /* DisparityViewerVC.swift */,
				379344AA20908127006E3127 /* MainVC.swift */,
				379344AC20908279006E3127 /* MainCell.swift */,
				379344AE209083D7006E3127 /* PreviewVC.swift */,
			);
			path = Camera;
			sourceTree = "<group>";
		};
/* End PBXGroup section */

/* Begin PBXNativeTarget section */
		37D53A8A20469E7E009C5DF1 /* Camera */ = {
			isa = PBXNativeTarget;
			buildConfigurationList = 37D53A9D20469E7E009C5DF1 /* Build configuration list for PBXNativeTarget "Camera" */;
			buildPhases = (
				37D53A8720469E7E009C5DF1 /* Sources */,
				37D53A8820469E7E009C5DF1 /* Frameworks */,
				37D53A8920469E7E009C5DF1 /* Resources */,
			);
			buildRules = (
			);
			dependencies = (
			);
			name = Camera;
			productName = Camera;
			productReference = 37D53A8B20469E7E009C5DF1 /* Camera.app */;
			productType = "com.apple.product-type.application";
		};
/* End PBXNativeTarget section */

/* Begin PBXProject section */
		37D53A8320469E7E009C5DF1 /* Project object */ = {
			isa = PBXProject;
			attributes = {
				LastSwiftUpdateCheck = 0920;
				LastUpgradeCheck = 0920;
				ORGANIZATIONNAME = "Martin Pristas";
				TargetAttributes = {
					37D53A8A20469E7E009C5DF1 = {
						CreatedOnToolsVersion = 9.2;
						ProvisioningStyle = Automatic;
					};
				};
			};
			buildConfigurationList = 37D53A8620469E7E009C5DF1 /* Build configuration list for PBXProject "Camera" */;
			compatibilityVersion = "Xcode 8.0";
			developmentRegion = en;
			hasScannedForEncodings = 0;
			knownRegions = (
				en,
				Base,
			);
			mainGroup = 37D53A8220469E7E009C5DF1;
			productRefGroup = 37D53A8C20469E7E009C5DF1 /* Products */;
			projectDirPath = "";
			projectRoot = "";
			targets = (
				37D53A8A20469E7E009C5DF1 /* Camera */,
			);
		};
/* End PBXProject section */

/* Begin PBXResourcesBuildPhase section */
		37D53A8920469E7E009C5DF1 /* Resources */ = {
			isa = PBXResourcesBuildPhase;
			buildActionMask = 2147483647;
			files = (
				37D53A9920469E7E009C5DF1 /* LaunchScreen.storyboard in Resources */,
				377D5219208A4EE300AB7ACD /* left.png in Resources */,
				37D53A9620469E7E009C5DF1 /* Assets.xcassets in Resources */,
				377D5218208A4EE300AB7ACD /* right.png in Resources */,
				37D53A9420469E7E009C5DF1 /* Main.storyboard in Resources */,
			);
			runOnlyForDeploymentPostprocessing = 0;
		};
/* End PBXResourcesBuildPhase section */

/* Begin PBXSourcesBuildPhase section */
		37D53A8720469E7E009C5DF1 /* Sources */ = {
			isa = PBXSourcesBuildPhase;
			buildActionMask = 2147483647;
			files = (
				370B1547207B503400914F26 /* RGBAImage.swift in Sources */,
				376762C8208A38590026E1FA /* FilterVendor.swift in Sources */,
				379344AD20908279006E3127 /* MainCell.swift in Sources */,
				37D53A9120469E7E009C5DF1 /* ViewController.swift in Sources */,
				37D53A8F20469E7E009C5DF1 /* AppDelegate.swift in Sources */,
				379344AB20908127006E3127 /* MainVC.swift in Sources */,
				37F9DC65208A15A2001B09E7 /* DisparityFilter.metal in Sources */,
				372203F8209328FF0097F459 /* DisparityComputeFilterRL.swift in Sources */,
				37F9DC632089111D001B09E7 /* DisparityComputeFilterLR.swift in Sources */,
				377D521B208A54BD00AB7ACD /* DisparityViewerVC.swift in Sources */,
				37D30151207A2AE30010C6D3 /* UIImageExtension.swift in Sources */,
				37E84D33207A3FC7005C5E04 /* SADAlgorithmClass.swift in Sources */,
				372203FB209333840097F459 /* OcclusionFilter.swift in Sources */,
				379344AF209083D7006E3127 /* PreviewVC.swift in Sources */,
				376762CA208A38B50026E1FA /* FilteringVC.swift in Sources */,
			);
			runOnlyForDeploymentPostprocessing = 0;
		};
/* End PBXSourcesBuildPhase section */

/* Begin PBXVariantGroup section */
		37D53A9220469E7E009C5DF1 /* Main.storyboard */ = {
			isa = PBXVariantGroup;
			children = (
				37D53A9320469E7E009C5DF1 /* Base */,
			);
			name = Main.storyboard;
			sourceTree = "<group>";
		};
		37D53A9720469E7E009C5DF1 /* LaunchScreen.storyboard */ = {
			isa = PBXVariantGroup;
			children = (
				37D53A9820469E7E009C5DF1 /* Base */,
			);
			name = LaunchScreen.storyboard;
			sourceTree = "<group>";
		};
/* End PBXVariantGroup section */

/* Begin XCBuildConfiguration section */
		37D53A9B20469E7E009C5DF1 /* Debug */ = {
			isa = XCBuildConfiguration;
			buildSettings = {
				ALWAYS_SEARCH_USER_PATHS = NO;
				CLANG_ANALYZER_NONNULL = YES;
				CLANG_ANALYZER_NUMBER_OBJECT_CONVERSION = YES_AGGRESSIVE;
				CLANG_CXX_LANGUAGE_STANDARD = "gnu++14";
				CLANG_CXX_LIBRARY = "libc++";
				CLANG_ENABLE_MODULES = YES;
				CLANG_ENABLE_OBJC_ARC = YES;
				CLANG_WARN_BLOCK_CAPTURE_AUTORELEASING = YES;
				CLANG_WARN_BOOL_CONVERSION = YES;
				CLANG_WARN_COMMA = YES;
				CLANG_WARN_CONSTANT_CONVERSION = YES;
				CLANG_WARN_DIRECT_OBJC_ISA_USAGE = YES_ERROR;
				CLANG_WARN_DOCUMENTATION_COMMENTS = YES;
				CLANG_WARN_EMPTY_BODY = YES;
				CLANG_WARN_ENUM_CONVERSION = YES;
				CLANG_WARN_INFINITE_RECURSION = YES;
				CLANG_WARN_INT_CONVERSION = YES;
				CLANG_WARN_NON_LITERAL_NULL_CONVERSION = YES;
				CLANG_WARN_OBJC_LITERAL_CONVERSION = YES;
				CLANG_WARN_OBJC_ROOT_CLASS = YES_ERROR;
				CLANG_WARN_RANGE_LOOP_ANALYSIS = YES;
				CLANG_WARN_STRICT_PROTOTYPES = YES;
				CLANG_WARN_SUSPICIOUS_MOVE = YES;
				CLANG_WARN_UNGUARDED_AVAILABILITY = YES_AGGRESSIVE;
				CLANG_WARN_UNREACHABLE_CODE = YES;
				CLANG_WARN__DUPLICATE_METHOD_MATCH = YES;
				CODE_SIGN_IDENTITY = "iPhone Developer";
				COPY_PHASE_STRIP = NO;
				DEBUG_INFORMATION_FORMAT = dwarf;
				ENABLE_STRICT_OBJC_MSGSEND = YES;
				ENABLE_TESTABILITY = YES;
				GCC_C_LANGUAGE_STANDARD = gnu11;
				GCC_DYNAMIC_NO_PIC = NO;
				GCC_NO_COMMON_BLOCKS = YES;
				GCC_OPTIMIZATION_LEVEL = 0;
				GCC_PREPROCESSOR_DEFINITIONS = (
					"DEBUG=1",
					"$(inherited)",
				);
				GCC_WARN_64_TO_32_BIT_CONVERSION = YES;
				GCC_WARN_ABOUT_RETURN_TYPE = YES_ERROR;
				GCC_WARN_UNDECLARED_SELECTOR = YES;
				GCC_WARN_UNINITIALIZED_AUTOS = YES_AGGRESSIVE;
				GCC_WARN_UNUSED_FUNCTION = YES;
				GCC_WARN_UNUSED_VARIABLE = YES;
				IPHONEOS_DEPLOYMENT_TARGET = 11.2;
				MTL_ENABLE_DEBUG_INFO = YES;
				ONLY_ACTIVE_ARCH = YES;
				SDKROOT = iphoneos;
				SWIFT_ACTIVE_COMPILATION_CONDITIONS = DEBUG;
				SWIFT_OPTIMIZATION_LEVEL = "-Onone";
			};
			name = Debug;
		};
		37D53A9C20469E7E009C5DF1 /* Release */ = {
			isa = XCBuildConfiguration;
			buildSettings = {
				ALWAYS_SEARCH_USER_PATHS = NO;
				CLANG_ANALYZER_NONNULL = YES;
				CLANG_ANALYZER_NUMBER_OBJECT_CONVERSION = YES_AGGRESSIVE;
				CLANG_CXX_LANGUAGE_STANDARD = "gnu++14";
				CLANG_CXX_LIBRARY = "libc++";
				CLANG_ENABLE_MODULES = YES;
				CLANG_ENABLE_OBJC_ARC = YES;
				CLANG_WARN_BLOCK_CAPTURE_AUTORELEASING = YES;
				CLANG_WARN_BOOL_CONVERSION = YES;
				CLANG_WARN_COMMA = YES;
				CLANG_WARN_CONSTANT_CONVERSION = YES;
				CLANG_WARN_DIRECT_OBJC_ISA_USAGE = YES_ERROR;
				CLANG_WARN_DOCUMENTATION_COMMENTS = YES;
				CLANG_WARN_EMPTY_BODY = YES;
				CLANG_WARN_ENUM_CONVERSION = YES;
				CLANG_WARN_INFINITE_RECURSION = YES;
				CLANG_WARN_INT_CONVERSION = YES;
				CLANG_WARN_NON_LITERAL_NULL_CONVERSION = YES;
				CLANG_WARN_OBJC_LITERAL_CONVERSION = YES;
				CLANG_WARN_OBJC_ROOT_CLASS = YES_ERROR;
				CLANG_WARN_RANGE_LOOP_ANALYSIS = YES;
				CLANG_WARN_STRICT_PROTOTYPES = YES;
				CLANG_WARN_SUSPICIOUS_MOVE = YES;
				CLANG_WARN_UNGUARDED_AVAILABILITY = YES_AGGRESSIVE;
				CLANG_WARN_UNREACHABLE_CODE = YES;
				CLANG_WARN__DUPLICATE_METHOD_MATCH = YES;
				CODE_SIGN_IDENTITY = "iPhone Developer";
				COPY_PHASE_STRIP = NO;
				DEBUG_INFORMATION_FORMAT = "dwarf-with-dsym";
				ENABLE_NS_ASSERTIONS = NO;
				ENABLE_STRICT_OBJC_MSGSEND = YES;
				GCC_C_LANGUAGE_STANDARD = gnu11;
				GCC_NO_COMMON_BLOCKS = YES;
				GCC_WARN_64_TO_32_BIT_CONVERSION = YES;
				GCC_WARN_ABOUT_RETURN_TYPE = YES_ERROR;
				GCC_WARN_UNDECLARED_SELECTOR = YES;
				GCC_WARN_UNINITIALIZED_AUTOS = YES_AGGRESSIVE;
				GCC_WARN_UNUSED_FUNCTION = YES;
				GCC_WARN_UNUSED_VARIABLE = YES;
				IPHONEOS_DEPLOYMENT_TARGET = 11.2;
				MTL_ENABLE_DEBUG_INFO = NO;
				SDKROOT = iphoneos;
				SWIFT_OPTIMIZATION_LEVEL = "-Owholemodule";
				VALIDATE_PRODUCT = YES;
			};
			name = Release;
		};
		37D53A9E20469E7E009C5DF1 /* Debug */ = {
			isa = XCBuildConfiguration;
			buildSettings = {
				ASSETCATALOG_COMPILER_APPICON_NAME = AppIcon;
				CODE_SIGN_STYLE = Automatic;
				DEVELOPMENT_TEAM = M44B3FCMGP;
				INFOPLIST_FILE = Camera/Info.plist;
				LD_RUNPATH_SEARCH_PATHS = "$(inherited) @executable_path/Frameworks";
				PRODUCT_BUNDLE_IDENTIFIER = eu.pristas.Camera;
				PRODUCT_NAME = "$(TARGET_NAME)";
				SWIFT_VERSION = 4.0;
				TARGETED_DEVICE_FAMILY = "1,2";
			};
			name = Debug;
		};
		37D53A9F20469E7E009C5DF1 /* Release */ = {
			isa = XCBuildConfiguration;
			buildSettings = {
				ASSETCATALOG_COMPILER_APPICON_NAME = AppIcon;
				CODE_SIGN_STYLE = Automatic;
				DEVELOPMENT_TEAM = M44B3FCMGP;
				INFOPLIST_FILE = Camera/Info.plist;
				LD_RUNPATH_SEARCH_PATHS = "$(inherited) @executable_path/Frameworks";
				PRODUCT_BUNDLE_IDENTIFIER = eu.pristas.Camera;
				PRODUCT_NAME = "$(TARGET_NAME)";
				SWIFT_VERSION = 4.0;
				TARGETED_DEVICE_FAMILY = "1,2";
			};
			name = Release;
		};
/* End XCBuildConfiguration section */

/* Begin XCConfigurationList section */
		37D53A8620469E7E009C5DF1 /* Build configuration list for PBXProject "Camera" */ = {
			isa = XCConfigurationList;
			buildConfigurations = (
				37D53A9B20469E7E009C5DF1 /* Debug */,
				37D53A9C20469E7E009C5DF1 /* Release */,
			);
			defaultConfigurationIsVisible = 0;
			defaultConfigurationName = Release;
		};
		37D53A9D20469E7E009C5DF1 /* Build configuration list for PBXNativeTarget "Camera" */ = {
			isa = XCConfigurationList;
			buildConfigurations = (
				37D53A9E20469E7E009C5DF1 /* Debug */,
				37D53A9F20469E7E009C5DF1 /* Release */,
			);
			defaultConfigurationIsVisible = 0;
			defaultConfigurationName = Release;
		};
/* End XCConfigurationList section */
	};
	rootObject = 37D53A8320469E7E009C5DF1 /* Project object */;
}
